// !$*UTF8*$!
{
	archiveVersion = 1;
	classes = {
	};
	objectVersion = 46;
	objects = {

/* Begin PBXBuildFile section */
		5C78EC6D1B032C530054C096 /* main.m in Sources */ = {isa = PBXBuildFile; fileRef = 5C78EC6C1B032C530054C096 /* main.m */; };
		5C78EC701B032C530054C096 /* AppDelegate.m in Sources */ = {isa = PBXBuildFile; fileRef = 5C78EC6F1B032C530054C096 /* AppDelegate.m */; };
		5C78EC731B032C530054C096 /* ViewController.m in Sources */ = {isa = PBXBuildFile; fileRef = 5C78EC721B032C530054C096 /* ViewController.m */; };
		5C78EC761B032C530054C096 /* Main.storyboard in Resources */ = {isa = PBXBuildFile; fileRef = 5C78EC741B032C530054C096 /* Main.storyboard */; };
		5C78EC781B032C530054C096 /* Images.xcassets in Resources */ = {isa = PBXBuildFile; fileRef = 5C78EC771B032C530054C096 /* Images.xcassets */; };
		5C78EC7B1B032C530054C096 /* LaunchScreen.xib in Resources */ = {isa = PBXBuildFile; fileRef = 5C78EC791B032C530054C096 /* LaunchScreen.xib */; };
		5C78EC871B032C530054C096 /* GeTuiDemoTests.m in Sources */ = {isa = PBXBuildFile; fileRef = 5C78EC861B032C530054C096 /* GeTuiDemoTests.m */; };
		5C78EC981B034B8F0054C096 /* libGexinSdk-1.1.1.a in Frameworks */ = {isa = PBXBuildFile; fileRef = 5C78EC971B034B8F0054C096 /* libGexinSdk-1.1.1.a */; };
		5C78EC9A1B034BCD0054C096 /* libz.dylib in Frameworks */ = {isa = PBXBuildFile; fileRef = 5C78EC991B034BCD0054C096 /* libz.dylib */; };
		5C78EC9C1B034BD90054C096 /* libsqlite3.dylib in Frameworks */ = {isa = PBXBuildFile; fileRef = 5C78EC9B1B034BD90054C096 /* libsqlite3.dylib */; };
		5C78EC9E1B034BE30054C096 /* Security.framework in Frameworks */ = {isa = PBXBuildFile; fileRef = 5C78EC9D1B034BE30054C096 /* Security.framework */; };
		5C78ECA01B034BF20054C096 /* SystemConfiguration.framework in Frameworks */ = {isa = PBXBuildFile; fileRef = 5C78EC9F1B034BF20054C096 /* SystemConfiguration.framework */; };
		5C78ECA21B034BF90054C096 /* CFNetwork.framework in Frameworks */ = {isa = PBXBuildFile; fileRef = 5C78ECA11B034BF90054C096 /* CFNetwork.framework */; };
/* End PBXBuildFile section */

/* Begin PBXContainerItemProxy section */
		5C78EC811B032C530054C096 /* PBXContainerItemProxy */ = {
			isa = PBXContainerItemProxy;
			containerPortal = 5C78EC5F1B032C530054C096 /* Project object */;
			proxyType = 1;
			remoteGlobalIDString = 5C78EC661B032C530054C096;
			remoteInfo = GeTuiDemo;
		};
/* End PBXContainerItemProxy section */

/* Begin PBXFileReference section */
		5C78EC671B032C530054C096 /* GeTuiDemo.app */ = {isa = PBXFileReference; explicitFileType = wrapper.application; includeInIndex = 0; path = GeTuiDemo.app; sourceTree = BUILT_PRODUCTS_DIR; };
		5C78EC6B1B032C530054C096 /* Info.plist */ = {isa = PBXFileReference; lastKnownFileType = text.plist.xml; path = Info.plist; sourceTree = "<group>"; };
		5C78EC6C1B032C530054C096 /* main.m */ = {isa = PBXFileReference; lastKnownFileType = sourcecode.c.objc; path = main.m; sourceTree = "<group>"; };
		5C78EC6E1B032C530054C096 /* AppDelegate.h */ = {isa = PBXFileReference; lastKnownFileType = sourcecode.c.h; path = AppDelegate.h; sourceTree = "<group>"; };
		5C78EC6F1B032C530054C096 /* AppDelegate.m */ = {isa = PBXFileReference; lastKnownFileType = sourcecode.c.objc; path = AppDelegate.m; sourceTree = "<group>"; };
		5C78EC711B032C530054C096 /* ViewController.h */ = {isa = PBXFileReference; lastKnownFileType = sourcecode.c.h; path = ViewController.h; sourceTree = "<group>"; };
		5C78EC721B032C530054C096 /* ViewController.m */ = {isa = PBXFileReference; lastKnownFileType = sourcecode.c.objc; path = ViewController.m; sourceTree = "<group>"; };
		5C78EC751B032C530054C096 /* Base */ = {isa = PBXFileReference; lastKnownFileType = file.storyboard; name = Base; path = Base.lproj/Main.storyboard; sourceTree = "<group>"; };
		5C78EC771B032C530054C096 /* Images.xcassets */ = {isa = PBXFileReference; lastKnownFileType = folder.assetcatalog; path = Images.xcassets; sourceTree = "<group>"; };
		5C78EC7A1B032C530054C096 /* Base */ = {isa = PBXFileReference; lastKnownFileType = file.xib; name = Base; path = Base.lproj/LaunchScreen.xib; sourceTree = "<group>"; };
		5C78EC801B032C530054C096 /* GeTuiDemoTests.xctest */ = {isa = PBXFileReference; explicitFileType = wrapper.cfbundle; includeInIndex = 0; path = GeTuiDemoTests.xctest; sourceTree = BUILT_PRODUCTS_DIR; };
		5C78EC851B032C530054C096 /* Info.plist */ = {isa = PBXFileReference; lastKnownFileType = text.plist.xml; path = Info.plist; sourceTree = "<group>"; };
		5C78EC861B032C530054C096 /* GeTuiDemoTests.m */ = {isa = PBXFileReference; lastKnownFileType = sourcecode.c.objc; path = GeTuiDemoTests.m; sourceTree = "<group>"; };
		5C78EC951B034B8F0054C096 /* GexinSdk.h */ = {isa = PBXFileReference; fileEncoding = 4; lastKnownFileType = sourcecode.c.h; path = GexinSdk.h; sourceTree = "<group>"; };
		5C78EC961B034B8F0054C096 /* GXSdkError.h */ = {isa = PBXFileReference; fileEncoding = 4; lastKnownFileType = sourcecode.c.h; path = GXSdkError.h; sourceTree = "<group>"; };
		5C78EC971B034B8F0054C096 /* libGexinSdk-1.1.1.a */ = {isa = PBXFileReference; lastKnownFileType = archive.ar; path = "libGexinSdk-1.1.1.a"; sourceTree = "<group>"; };
		5C78EC991B034BCD0054C096 /* libz.dylib */ = {isa = PBXFileReference; lastKnownFileType = "compiled.mach-o.dylib"; name = libz.dylib; path = usr/lib/libz.dylib; sourceTree = SDKROOT; };
		5C78EC9B1B034BD90054C096 /* libsqlite3.dylib */ = {isa = PBXFileReference; lastKnownFileType = "compiled.mach-o.dylib"; name = libsqlite3.dylib; path = usr/lib/libsqlite3.dylib; sourceTree = SDKROOT; };
		5C78EC9D1B034BE30054C096 /* Security.framework */ = {isa = PBXFileReference; lastKnownFileType = wrapper.framework; name = Security.framework; path = System/Library/Frameworks/Security.framework; sourceTree = SDKROOT; };
		5C78EC9F1B034BF20054C096 /* SystemConfiguration.framework */ = {isa = PBXFileReference; lastKnownFileType = wrapper.framework; name = SystemConfiguration.framework; path = System/Library/Frameworks/SystemConfiguration.framework; sourceTree = SDKROOT; };
		5C78ECA11B034BF90054C096 /* CFNetwork.framework */ = {isa = PBXFileReference; lastKnownFileType = wrapper.framework; name = CFNetwork.framework; path = System/Library/Frameworks/CFNetwork.framework; sourceTree = SDKROOT; };
/* End PBXFileReference section */

/* Begin PBXFrameworksBuildPhase section */
		5C78EC641B032C530054C096 /* Frameworks */ = {
			isa = PBXFrameworksBuildPhase;
			buildActionMask = 2147483647;
			files = (
				5C78ECA21B034BF90054C096 /* CFNetwork.framework in Frameworks */,
				5C78ECA01B034BF20054C096 /* SystemConfiguration.framework in Frameworks */,
				5C78EC9E1B034BE30054C096 /* Security.framework in Frameworks */,
				5C78EC9C1B034BD90054C096 /* libsqlite3.dylib in Frameworks */,
				5C78EC9A1B034BCD0054C096 /* libz.dylib in Frameworks */,
				5C78EC981B034B8F0054C096 /* libGexinSdk-1.1.1.a in Frameworks */,
			);
			runOnlyForDeploymentPostprocessing = 0;
		};
		5C78EC7D1B032C530054C096 /* Frameworks */ = {
			isa = PBXFrameworksBuildPhase;
			buildActionMask = 2147483647;
			files = (
			);
			runOnlyForDeploymentPostprocessing = 0;
		};
/* End PBXFrameworksBuildPhase section */

/* Begin PBXGroup section */
		5C78EC5E1B032C530054C096 = {
			isa = PBXGroup;
			children = (
				5C78EC931B034B8F0054C096 /* dist */,
				5C78EC921B034B680054C096 /* libs */,
				5C78EC691B032C530054C096 /* GeTuiDemo */,
				5C78EC831B032C530054C096 /* GeTuiDemoTests */,
				5C78EC681B032C530054C096 /* Products */,
			);
			sourceTree = "<group>";
		};
		5C78EC681B032C530054C096 /* Products */ = {
			isa = PBXGroup;
			children = (
				5C78EC671B032C530054C096 /* GeTuiDemo.app */,
				5C78EC801B032C530054C096 /* GeTuiDemoTests.xctest */,
			);
			name = Products;
			sourceTree = "<group>";
		};
		5C78EC691B032C530054C096 /* GeTuiDemo */ = {
			isa = PBXGroup;
			children = (
				5C78EC6E1B032C530054C096 /* AppDelegate.h */,
				5C78EC6F1B032C530054C096 /* AppDelegate.m */,
				5C78EC711B032C530054C096 /* ViewController.h */,
				5C78EC721B032C530054C096 /* ViewController.m */,
				5C78EC741B032C530054C096 /* Main.storyboard */,
				5C78EC771B032C530054C096 /* Images.xcassets */,
				5C78EC791B032C530054C096 /* LaunchScreen.xib */,
				5C78EC6A1B032C530054C096 /* Supporting Files */,
			);
			path = GeTuiDemo;
			sourceTree = "<group>";
		};
		5C78EC6A1B032C530054C096 /* Supporting Files */ = {
			isa = PBXGroup;
			children = (
				5C78EC6B1B032C530054C096 /* Info.plist */,
				5C78EC6C1B032C530054C096 /* main.m */,
			);
			name = "Supporting Files";
			sourceTree = "<group>";
		};
		5C78EC831B032C530054C096 /* GeTuiDemoTests */ = {
			isa = PBXGroup;
			children = (
				5C78EC861B032C530054C096 /* GeTuiDemoTests.m */,
				5C78EC841B032C530054C096 /* Supporting Files */,
			);
			path = GeTuiDemoTests;
			sourceTree = "<group>";
		};
		5C78EC841B032C530054C096 /* Supporting Files */ = {
			isa = PBXGroup;
			children = (
				5C78EC851B032C530054C096 /* Info.plist */,
			);
			name = "Supporting Files";
			sourceTree = "<group>";
		};
		5C78EC921B034B680054C096 /* libs */ = {
			isa = PBXGroup;
			children = (
				5C78ECA11B034BF90054C096 /* CFNetwork.framework */,
				5C78EC9F1B034BF20054C096 /* SystemConfiguration.framework */,
				5C78EC9D1B034BE30054C096 /* Security.framework */,
				5C78EC9B1B034BD90054C096 /* libsqlite3.dylib */,
				5C78EC991B034BCD0054C096 /* libz.dylib */,
			);
			name = libs;
			sourceTree = "<group>";
		};
		5C78EC931B034B8F0054C096 /* dist */ = {
			isa = PBXGroup;
			children = (
				5C78EC941B034B8F0054C096 /* include */,
				5C78EC971B034B8F0054C096 /* libGexinSdk-1.1.1.a */,
			);
			path = dist;
			sourceTree = "<group>";
		};
		5C78EC941B034B8F0054C096 /* include */ = {
			isa = PBXGroup;
			children = (
				5C78EC951B034B8F0054C096 /* GexinSdk.h */,
				5C78EC961B034B8F0054C096 /* GXSdkError.h */,
			);
			path = include;
			sourceTree = "<group>";
		};
/* End PBXGroup section */

/* Begin PBXNativeTarget section */
		5C78EC661B032C530054C096 /* GeTuiDemo */ = {
			isa = PBXNativeTarget;
			buildConfigurationList = 5C78EC8A1B032C530054C096 /* Build configuration list for PBXNativeTarget "GeTuiDemo" */;
			buildPhases = (
				5C78EC631B032C530054C096 /* Sources */,
				5C78EC641B032C530054C096 /* Frameworks */,
				5C78EC651B032C530054C096 /* Resources */,
			);
			buildRules = (
			);
			dependencies = (
			);
			name = GeTuiDemo;
			productName = GeTuiDemo;
			productReference = 5C78EC671B032C530054C096 /* GeTuiDemo.app */;
			productType = "com.apple.product-type.application";
		};
		5C78EC7F1B032C530054C096 /* GeTuiDemoTests */ = {
			isa = PBXNativeTarget;
			buildConfigurationList = 5C78EC8D1B032C530054C096 /* Build configuration list for PBXNativeTarget "GeTuiDemoTests" */;
			buildPhases = (
				5C78EC7C1B032C530054C096 /* Sources */,
				5C78EC7D1B032C530054C096 /* Frameworks */,
				5C78EC7E1B032C530054C096 /* Resources */,
			);
			buildRules = (
			);
			dependencies = (
				5C78EC821B032C530054C096 /* PBXTargetDependency */,
			);
			name = GeTuiDemoTests;
			productName = GeTuiDemoTests;
			productReference = 5C78EC801B032C530054C096 /* GeTuiDemoTests.xctest */;
			productType = "com.apple.product-type.bundle.unit-test";
		};
/* End PBXNativeTarget section */

/* Begin PBXProject section */
		5C78EC5F1B032C530054C096 /* Project object */ = {
			isa = PBXProject;
			attributes = {
				LastUpgradeCheck = 0630;
				ORGANIZATIONNAME = HanYang;
				TargetAttributes = {
					5C78EC661B032C530054C096 = {
						CreatedOnToolsVersion = 6.3;
					};
					5C78EC7F1B032C530054C096 = {
						CreatedOnToolsVersion = 6.3;
						TestTargetID = 5C78EC661B032C530054C096;
					};
				};
			};
			buildConfigurationList = 5C78EC621B032C530054C096 /* Build configuration list for PBXProject "GeTuiDemo" */;
			compatibilityVersion = "Xcode 3.2";
			developmentRegion = English;
			hasScannedForEncodings = 0;
			knownRegions = (
				en,
				Base,
			);
			mainGroup = 5C78EC5E1B032C530054C096;
			productRefGroup = 5C78EC681B032C530054C096 /* Products */;
			projectDirPath = "";
			projectRoot = "";
			targets = (
				5C78EC661B032C530054C096 /* GeTuiDemo */,
				5C78EC7F1B032C530054C096 /* GeTuiDemoTests */,
			);
		};
/* End PBXProject section */

/* Begin PBXResourcesBuildPhase section */
		5C78EC651B032C530054C096 /* Resources */ = {
			isa = PBXResourcesBuildPhase;
			buildActionMask = 2147483647;
			files = (
				5C78EC761B032C530054C096 /* Main.storyboard in Resources */,
				5C78EC7B1B032C530054C096 /* LaunchScreen.xib in Resources */,
				5C78EC781B032C530054C096 /* Images.xcassets in Resources */,
			);
			runOnlyForDeploymentPostprocessing = 0;
		};
		5C78EC7E1B032C530054C096 /* Resources */ = {
			isa = PBXResourcesBuildPhase;
			buildActionMask = 2147483647;
			files = (
			);
			runOnlyForDeploymentPostprocessing = 0;
		};
/* End PBXResourcesBuildPhase section */

/* Begin PBXSourcesBuildPhase section */
		5C78EC631B032C530054C096 /* Sources */ = {
			isa = PBXSourcesBuildPhase;
			buildActionMask = 2147483647;
			files = (
				5C78EC731B032C530054C096 /* ViewController.m in Sources */,
				5C78EC701B032C530054C096 /* AppDelegate.m in Sources */,
				5C78EC6D1B032C530054C096 /* main.m in Sources */,
			);
			runOnlyForDeploymentPostprocessing = 0;
		};
		5C78EC7C1B032C530054C096 /* Sources */ = {
			isa = PBXSourcesBuildPhase;
			buildActionMask = 2147483647;
			files = (
				5C78EC871B032C530054C096 /* GeTuiDemoTests.m in Sources */,
			);
			runOnlyForDeploymentPostprocessing = 0;
		};
/* End PBXSourcesBuildPhase section */

/* Begin PBXTargetDependency section */
		5C78EC821B032C530054C096 /* PBXTargetDependency */ = {
			isa = PBXTargetDependency;
			target = 5C78EC661B032C530054C096 /* GeTuiDemo */;
			targetProxy = 5C78EC811B032C530054C096 /* PBXContainerItemProxy */;
		};
/* End PBXTargetDependency section */

/* Begin PBXVariantGroup section */
		5C78EC741B032C530054C096 /* Main.storyboard */ = {
			isa = PBXVariantGroup;
			children = (
				5C78EC751B032C530054C096 /* Base */,
			);
			name = Main.storyboard;
			sourceTree = "<group>";
		};
		5C78EC791B032C530054C096 /* LaunchScreen.xib */ = {
			isa = PBXVariantGroup;
			children = (
				5C78EC7A1B032C530054C096 /* Base */,
			);
			name = LaunchScreen.xib;
			sourceTree = "<group>";
		};
/* End PBXVariantGroup section */

/* Begin XCBuildConfiguration section */
		5C78EC881B032C530054C096 /* Debug */ = {
			isa = XCBuildConfiguration;
			buildSettings = {
				ALWAYS_SEARCH_USER_PATHS = NO;
				CLANG_CXX_LANGUAGE_STANDARD = "gnu++0x";
				CLANG_CXX_LIBRARY = "libc++";
				CLANG_ENABLE_MODULES = YES;
				CLANG_ENABLE_OBJC_ARC = YES;
				CLANG_WARN_BOOL_CONVERSION = YES;
				CLANG_WARN_CONSTANT_CONVERSION = YES;
				CLANG_WARN_DIRECT_OBJC_ISA_USAGE = YES_ERROR;
				CLANG_WARN_EMPTY_BODY = YES;
				CLANG_WARN_ENUM_CONVERSION = YES;
				CLANG_WARN_INT_CONVERSION = YES;
				CLANG_WARN_OBJC_ROOT_CLASS = YES_ERROR;
				CLANG_WARN_UNREACHABLE_CODE = YES;
				CLANG_WARN__DUPLICATE_METHOD_MATCH = YES;
				CODE_SIGN_IDENTITY = "iPhone Developer: Kun Qian (JMA3R7BDJ5)";
				"CODE_SIGN_IDENTITY[sdk=iphoneos*]" = "iPhone Developer: Kun Qian (JMA3R7BDJ5)";
				COPY_PHASE_STRIP = NO;
				DEBUG_INFORMATION_FORMAT = "dwarf-with-dsym";
				ENABLE_STRICT_OBJC_MSGSEND = YES;
				GCC_C_LANGUAGE_STANDARD = gnu99;
				GCC_DYNAMIC_NO_PIC = NO;
				GCC_NO_COMMON_BLOCKS = YES;
				GCC_OPTIMIZATION_LEVEL = 0;
				GCC_PREPROCESSOR_DEFINITIONS = (
					"DEBUG=1",
					"$(inherited)",
				);
				GCC_SYMBOLS_PRIVATE_EXTERN = NO;
				GCC_WARN_64_TO_32_BIT_CONVERSION = YES;
				GCC_WARN_ABOUT_RETURN_TYPE = YES_ERROR;
				GCC_WARN_UNDECLARED_SELECTOR = YES;
				GCC_WARN_UNINITIALIZED_AUTOS = YES_AGGRESSIVE;
				GCC_WARN_UNUSED_FUNCTION = YES;
				GCC_WARN_UNUSED_VARIABLE = YES;
				IPHONEOS_DEPLOYMENT_TARGET = 8.3;
				MTL_ENABLE_DEBUG_INFO = YES;
				ONLY_ACTIVE_ARCH = YES;
				PROVISIONING_PROFILE = "84c7c25c-ce94-43bb-9266-018317f99056";
				SDKROOT = iphoneos;
			};
			name = Debug;
		};
		5C78EC891B032C530054C096 /* Release */ = {
			isa = XCBuildConfiguration;
			buildSettings = {
				ALWAYS_SEARCH_USER_PATHS = NO;
				CLANG_CXX_LANGUAGE_STANDARD = "gnu++0x";
				CLANG_CXX_LIBRARY = "libc++";
				CLANG_ENABLE_MODULES = YES;
				CLANG_ENABLE_OBJC_ARC = YES;
				CLANG_WARN_BOOL_CONVERSION = YES;
				CLANG_WARN_CONSTANT_CONVERSION = YES;
				CLANG_WARN_DIRECT_OBJC_ISA_USAGE = YES_ERROR;
				CLANG_WARN_EMPTY_BODY = YES;
				CLANG_WARN_ENUM_CONVERSION = YES;
				CLANG_WARN_INT_CONVERSION = YES;
				CLANG_WARN_OBJC_ROOT_CLASS = YES_ERROR;
				CLANG_WARN_UNREACHABLE_CODE = YES;
				CLANG_WARN__DUPLICATE_METHOD_MATCH = YES;
				CODE_SIGN_IDENTITY = "iPhone Developer: Kun Qian (JMA3R7BDJ5)";
				"CODE_SIGN_IDENTITY[sdk=iphoneos*]" = "iPhone Developer: Kun Qian (JMA3R7BDJ5)";
				COPY_PHASE_STRIP = NO;
				DEBUG_INFORMATION_FORMAT = "dwarf-with-dsym";
				ENABLE_NS_ASSERTIONS = NO;
				ENABLE_STRICT_OBJC_MSGSEND = YES;
				GCC_C_LANGUAGE_STANDARD = gnu99;
				GCC_NO_COMMON_BLOCKS = YES;
				GCC_WARN_64_TO_32_BIT_CONVERSION = YES;
				GCC_WARN_ABOUT_RETURN_TYPE = YES_ERROR;
				GCC_WARN_UNDECLARED_SELECTOR = YES;
				GCC_WARN_UNINITIALIZED_AUTOS = YES_AGGRESSIVE;
				GCC_WARN_UNUSED_FUNCTION = YES;
				GCC_WARN_UNUSED_VARIABLE = YES;
				IPHONEOS_DEPLOYMENT_TARGET = 8.3;
				MTL_ENABLE_DEBUG_INFO = NO;
				PROVISIONING_PROFILE = "84c7c25c-ce94-43bb-9266-018317f99056";
				SDKROOT = iphoneos;
				VALIDATE_PRODUCT = YES;
			};
			name = Release;
		};
		5C78EC8B1B032C530054C096 /* Debug */ = {
			isa = XCBuildConfiguration;
			buildSettings = {
				ASSETCATALOG_COMPILER_APPICON_NAME = AppIcon;
				CODE_SIGN_IDENTITY = "Apple Development IOS Push Services: com.iwind-tech.NotificationDemo";
				"CODE_SIGN_IDENTITY[sdk=iphoneos*]" = "Apple Development IOS Push Services: com.iwind-tech.NotificationDemo";
				INFOPLIST_FILE = GeTuiDemo/Info.plist;
				IPHONEOS_DEPLOYMENT_TARGET = 7.0;
				LD_RUNPATH_SEARCH_PATHS = "$(inherited) @executable_path/Frameworks";
				LIBRARY_SEARCH_PATHS = (
					"$(inherited)",
					"$(PROJECT_DIR)/dist",
				);
				PRODUCT_NAME = "$(TARGET_NAME)";
				PROVISIONING_PROFILE = "75c9fc81-364c-467b-b037-c16b790b8457";
			};
			name = Debug;
		};
		5C78EC8C1B032C530054C096 /* Release */ = {
			isa = XCBuildConfiguration;
			buildSettings = {
				ASSETCATALOG_COMPILER_APPICON_NAME = AppIcon;
				CODE_SIGN_IDENTITY = "Apple Development IOS Push Services: com.iwind-tech.NotificationDemo";
				"CODE_SIGN_IDENTITY[sdk=iphoneos*]" = "Apple Development IOS Push Services: com.iwind-tech.NotificationDemo";
				INFOPLIST_FILE = GeTuiDemo/Info.plist;
				IPHONEOS_DEPLOYMENT_TARGET = 7.0;
				LD_RUNPATH_SEARCH_PATHS = "$(inherited) @executable_path/Frameworks";
				LIBRARY_SEARCH_PATHS = (
					"$(inherited)",
					"$(PROJECT_DIR)/dist",
				);
				PRODUCT_NAME = "$(TARGET_NAME)";
				PROVISIONING_PROFILE = "75c9fc81-364c-467b-b037-c16b790b8457";
			};
			name = Release;
		};
		5C78EC8E1B032C530054C096 /* Debug */ = {
			isa = XCBuildConfiguration;
			buildSettings = {
				BUNDLE_LOADER = "$(TEST_HOST)";
				CODE_SIGN_IDENTITY = "iPhone Developer";
				FRAMEWORK_SEARCH_PATHS = (
					"$(SDKROOT)/Developer/Library/Frameworks",
					"$(inherited)",
				);
				GCC_PREPROCESSOR_DEFINITIONS = (
					"DEBUG=1",
					"$(inherited)",
				);
				INFOPLIST_FILE = GeTuiDemoTests/Info.plist;
				LD_RUNPATH_SEARCH_PATHS = "$(inherited) @executable_path/Frameworks @loader_path/Frameworks";
				PRODUCT_NAME = "$(TARGET_NAME)";
				PROVISIONING_PROFILE = "";
				TEST_HOST = "$(BUILT_PRODUCTS_DIR)/GeTuiDemo.app/GeTuiDemo";
			};
			name = Debug;
		};
		5C78EC8F1B032C530054C096 /* Release */ = {
			isa = XCBuildConfiguration;
			buildSettings = {
				BUNDLE_LOADER = "$(TEST_HOST)";
				CODE_SIGN_IDENTITY = "iPhone Developer";
				FRAMEWORK_SEARCH_PATHS = (
					"$(SDKROOT)/Developer/Library/Frameworks",
					"$(inherited)",
				);
				INFOPLIST_FILE = GeTuiDemoTests/Info.plist;
				LD_RUNPATH_SEARCH_PATHS = "$(inherited) @executable_path/Frameworks @loader_path/Frameworks";
				PRODUCT_NAME = "$(TARGET_NAME)";
				PROVISIONING_PROFILE = "";
				TEST_HOST = "$(BUILT_PRODUCTS_DIR)/GeTuiDemo.app/GeTuiDemo";
			};
			name = Release;
		};
/* End XCBuildConfiguration section */

/* Begin XCConfigurationList section */
		5C78EC621B032C530054C096 /* Build configuration list for PBXProject "GeTuiDemo" */ = {
			isa = XCConfigurationList;
			buildConfigurations = (
				5C78EC881B032C530054C096 /* Debug */,
				5C78EC891B032C530054C096 /* Release */,
			);
			defaultConfigurationIsVisible = 0;
			defaultConfigurationName = Release;
		};
		5C78EC8A1B032C530054C096 /* Build configuration list for PBXNativeTarget "GeTuiDemo" */ = {
			isa = XCConfigurationList;
			buildConfigurations = (
				5C78EC8B1B032C530054C096 /* Debug */,
				5C78EC8C1B032C530054C096 /* Release */,
			);
			defaultConfigurationIsVisible = 0;
			defaultConfigurationName = Release;
		};
		5C78EC8D1B032C530054C096 /* Build configuration list for PBXNativeTarget "GeTuiDemoTests" */ = {
			isa = XCConfigurationList;
			buildConfigurations = (
				5C78EC8E1B032C530054C096 /* Debug */,
				5C78EC8F1B032C530054C096 /* Release */,
			);
			defaultConfigurationIsVisible = 0;
			defaultConfigurationName = Release;
		};
/* End XCConfigurationList section */
	};
	rootObject = 5C78EC5F1B032C530054C096 /* Project object */;
}
